
Microsoft Visual Studio Solution File, Format Version 12.00
# Visual Studio Version 17
VisualStudioVersion = 17.4.33110.190
MinimumVisualStudioVersion = 10.0.40219.1
Project("{FAE04EC0-301F-11D3-BF4B-00C04F79EFBC}") = "BulkyBookWeb", "BulkyBookWeb\BulkyBookWeb.csproj", "{E1912EAC-842C-4DF4-BD71-8EC970D84F93}"
EndProject
Global
	GlobalSection(SolutionConfigurationPlatforms) = preSolution
		Debug|Any CPU = Debug|Any CPU
		Release|Any CPU = Release|Any CPU
	EndGlobalSection
	GlobalSection(ProjectConfigurationPlatforms) = postSolution
		{E1912EAC-842C-4DF4-BD71-8EC970D84F93}.Debug|Any CPU.ActiveCfg = Debug|Any CPU
		{E1912EAC-842C-4DF4-BD71-8EC970D84F93}.Debug|Any CPU.Build.0 = Debug|Any CPU
		{E1912EAC-842C-4DF4-BD71-8EC970D84F93}.Release|Any CPU.ActiveCfg = Release|Any CPU
		{E1912EAC-842C-4DF4-BD71-8EC970D84F93}.Release|Any CPU.Build.0 = Release|Any CPU
	EndGlobalSection
	GlobalSection(SolutionProperties) = preSolution
		HideSolutionNode = FALSE
	EndGlobalSection
	GlobalSection(ExtensibilityGlobals) = postSolution
		SolutionGuid = {897D941F-009E-4BA5-8D14-828B984514DA}
	EndGlobalSection
EndGlobal
